
Microsoft Visual Studio Solution File, Format Version 12.00
# Visual Studio Version 17
VisualStudioVersion = 17.9.34607.119
MinimumVisualStudioVersion = 10.0.40219.1
Project("{FAE04EC0-301F-11D3-BF4B-00C04F79EFBC}") = "Task", "Task\Task.csproj", "{B7FF2962-FBC7-4721-A10C-AD4B32DBB1CF}"
EndProject
Global
	GlobalSection(SolutionConfigurationPlatforms) = preSolution
		Debug|Any CPU = Debug|Any CPU
		Release|Any CPU = Release|Any CPU
	EndGlobalSection
	GlobalSection(ProjectConfigurationPlatforms) = postSolution
		{B7FF2962-FBC7-4721-A10C-AD4B32DBB1CF}.Debug|Any CPU.ActiveCfg = Debug|Any CPU
		{B7FF2962-FBC7-4721-A10C-AD4B32DBB1CF}.Debug|Any CPU.Build.0 = Debug|Any CPU
		{B7FF2962-FBC7-4721-A10C-AD4B32DBB1CF}.Release|Any CPU.ActiveCfg = Release|Any CPU
		{B7FF2962-FBC7-4721-A10C-AD4B32DBB1CF}.Release|Any CPU.Build.0 = Release|Any CPU
	EndGlobalSection
	GlobalSection(SolutionProperties) = preSolution
		HideSolutionNode = FALSE
	EndGlobalSection
	GlobalSection(ExtensibilityGlobals) = postSolution
		SolutionGuid = {B58AC179-FBAA-4C7B-BEC4-110787CEDF0D}
	EndGlobalSection
EndGlobal
